
Microsoft Visual Studio Solution File, Format Version 12.00
# Visual Studio 14
VisualStudioVersion = 14.0.25420.1
MinimumVisualStudioVersion = 10.0.40219.1
Project("{FAE04EC0-301F-11D3-BF4B-00C04F79EFBC}") = "BookLibrary", "BookLibrary\BookLibrary.csproj", "{9872EAF5-EDED-489E-B0D2-E38D5A0DEABF}"
EndProject
Global
	GlobalSection(SolutionConfigurationPlatforms) = preSolution
		Debug|Any CPU = Debug|Any CPU
		Release|Any CPU = Release|Any CPU
	EndGlobalSection
	GlobalSection(ProjectConfigurationPlatforms) = postSolution
		{9872EAF5-EDED-489E-B0D2-E38D5A0DEABF}.Debug|Any CPU.ActiveCfg = Debug|Any CPU
		{9872EAF5-EDED-489E-B0D2-E38D5A0DEABF}.Debug|Any CPU.Build.0 = Debug|Any CPU
		{9872EAF5-EDED-489E-B0D2-E38D5A0DEABF}.Release|Any CPU.ActiveCfg = Release|Any CPU
		{9872EAF5-EDED-489E-B0D2-E38D5A0DEABF}.Release|Any CPU.Build.0 = Release|Any CPU
	EndGlobalSection
	GlobalSection(SolutionProperties) = preSolution
		HideSolutionNode = FALSE
	EndGlobalSection
EndGlobal
